
Microsoft Visual Studio Solution File, Format Version 12.00
# Visual Studio Version 16
VisualStudioVersion = 16.0.31112.23
MinimumVisualStudioVersion = 10.0.40219.1
Project("{FAE04EC0-301F-11D3-BF4B-00C04F79EFBC}") = "Dates", "Dates.csproj", "{83197B15-0F97-483F-A326-523DEBC494D9}"
EndProject
Project("{FAE04EC0-301F-11D3-BF4B-00C04F79EFBC}") = "Test", "..\Test\Test.csproj", "{E99AAA93-D453-4C91-9430-3ADD5AE99DE9}"
EndProject
Global
	GlobalSection(SolutionConfigurationPlatforms) = preSolution
		Debug|Any CPU = Debug|Any CPU
		Release|Any CPU = Release|Any CPU
	EndGlobalSection
	GlobalSection(ProjectConfigurationPlatforms) = postSolution
		{83197B15-0F97-483F-A326-523DEBC494D9}.Debug|Any CPU.ActiveCfg = Debug|Any CPU
		{83197B15-0F97-483F-A326-523DEBC494D9}.Debug|Any CPU.Build.0 = Debug|Any CPU
		{83197B15-0F97-483F-A326-523DEBC494D9}.Release|Any CPU.ActiveCfg = Release|Any CPU
		{83197B15-0F97-483F-A326-523DEBC494D9}.Release|Any CPU.Build.0 = Release|Any CPU
		{E99AAA93-D453-4C91-9430-3ADD5AE99DE9}.Debug|Any CPU.ActiveCfg = Debug|Any CPU
		{E99AAA93-D453-4C91-9430-3ADD5AE99DE9}.Debug|Any CPU.Build.0 = Debug|Any CPU
		{E99AAA93-D453-4C91-9430-3ADD5AE99DE9}.Release|Any CPU.ActiveCfg = Release|Any CPU
		{E99AAA93-D453-4C91-9430-3ADD5AE99DE9}.Release|Any CPU.Build.0 = Release|Any CPU
	EndGlobalSection
	GlobalSection(SolutionProperties) = preSolution
		HideSolutionNode = FALSE
	EndGlobalSection
	GlobalSection(ExtensibilityGlobals) = postSolution
		SolutionGuid = {128B0CBD-BD7D-43C9-9EE7-D521DD532E4F}
	EndGlobalSection
EndGlobal
